// !$*UTF8*$!
{
	archiveVersion = 1;
	classes = {
	};
	objectVersion = 46;
	objects = {

/* Begin PBXBuildFile section */
		DB03B0381C01452A0016736D /* UIImageView+NirWebImage.swift in Sources */ = {isa = PBXBuildFile; fileRef = DB03B0371C01452A0016736D /* UIImageView+NirWebImage.swift */; };
		DB03B03A1C0145D90016736D /* Resource.swift in Sources */ = {isa = PBXBuildFile; fileRef = DB03B0391C0145D90016736D /* Resource.swift */; };
		DB03B03C1C01471D0016736D /* NirWebImageOptionsInfo.swift in Sources */ = {isa = PBXBuildFile; fileRef = DB03B03B1C01471D0016736D /* NirWebImageOptionsInfo.swift */; };
		DB03B03E1C0147A00016736D /* NirWebImageOptions.swift in Sources */ = {isa = PBXBuildFile; fileRef = DB03B03D1C0147A00016736D /* NirWebImageOptions.swift */; };
		DB03B0401C0149DA0016736D /* ImageTransition.swift in Sources */ = {isa = PBXBuildFile; fileRef = DB03B03F1C0149DA0016736D /* ImageTransition.swift */; };
		DB03B0421C0158C50016736D /* ThreadHelper.swift in Sources */ = {isa = PBXBuildFile; fileRef = DB03B0411C0158C50016736D /* ThreadHelper.swift */; };
		DB5918841BFB0D0D0027FF7A /* UIImage+Extension.swift in Sources */ = {isa = PBXBuildFile; fileRef = DB5918831BFB0D0D0027FF7A /* UIImage+Extension.swift */; };
		DB6DB7191BF80998003C1AA1 /* AppDelegate.swift in Sources */ = {isa = PBXBuildFile; fileRef = DB6DB7181BF80998003C1AA1 /* AppDelegate.swift */; };
		DB6DB71B1BF80998003C1AA1 /* ViewController.swift in Sources */ = {isa = PBXBuildFile; fileRef = DB6DB71A1BF80998003C1AA1 /* ViewController.swift */; };
		DB6DB71E1BF80998003C1AA1 /* Main.storyboard in Resources */ = {isa = PBXBuildFile; fileRef = DB6DB71C1BF80998003C1AA1 /* Main.storyboard */; };
		DB6DB7201BF80998003C1AA1 /* Assets.xcassets in Resources */ = {isa = PBXBuildFile; fileRef = DB6DB71F1BF80998003C1AA1 /* Assets.xcassets */; };
		DB6DB7231BF80998003C1AA1 /* LaunchScreen.storyboard in Resources */ = {isa = PBXBuildFile; fileRef = DB6DB7211BF80998003C1AA1 /* LaunchScreen.storyboard */; };
		DB6DB72C1BF809CB003C1AA1 /* NirWebImageManager.swift in Sources */ = {isa = PBXBuildFile; fileRef = DB6DB72B1BF809CB003C1AA1 /* NirWebImageManager.swift */; };
		DB6DB72E1BF80B24003C1AA1 /* ImageCache.swift in Sources */ = {isa = PBXBuildFile; fileRef = DB6DB72D1BF80B24003C1AA1 /* ImageCache.swift */; };
		DB6DB7301BF80EA3003C1AA1 /* ImageDownloader.swift in Sources */ = {isa = PBXBuildFile; fileRef = DB6DB72F1BF80EA3003C1AA1 /* ImageDownloader.swift */; };
		DBBEC51B1C0294FB00BD438E /* UIButton+NirWebImage.swift in Sources */ = {isa = PBXBuildFile; fileRef = DBBEC51A1C0294FB00BD438E /* UIButton+NirWebImage.swift */; };
		DBD4FBEA1BFEADAE0051DA4E /* String+MD5.swift in Sources */ = {isa = PBXBuildFile; fileRef = DBD4FBE91BFEADAE0051DA4E /* String+MD5.swift */; };
/* End PBXBuildFile section */

/* Begin PBXFileReference section */
		DB03B0371C01452A0016736D /* UIImageView+NirWebImage.swift */ = {isa = PBXFileReference; fileEncoding = 4; lastKnownFileType = sourcecode.swift; path = "UIImageView+NirWebImage.swift"; sourceTree = "<group>"; };
		DB03B0391C0145D90016736D /* Resource.swift */ = {isa = PBXFileReference; fileEncoding = 4; lastKnownFileType = sourcecode.swift; path = Resource.swift; sourceTree = "<group>"; };
		DB03B03B1C01471D0016736D /* NirWebImageOptionsInfo.swift */ = {isa = PBXFileReference; fileEncoding = 4; lastKnownFileType = sourcecode.swift; path = NirWebImageOptionsInfo.swift; sourceTree = "<group>"; };
		DB03B03D1C0147A00016736D /* NirWebImageOptions.swift */ = {isa = PBXFileReference; fileEncoding = 4; lastKnownFileType = sourcecode.swift; path = NirWebImageOptions.swift; sourceTree = "<group>"; };
		DB03B03F1C0149DA0016736D /* ImageTransition.swift */ = {isa = PBXFileReference; fileEncoding = 4; lastKnownFileType = sourcecode.swift; path = ImageTransition.swift; sourceTree = "<group>"; };
		DB03B0411C0158C50016736D /* ThreadHelper.swift */ = {isa = PBXFileReference; fileEncoding = 4; lastKnownFileType = sourcecode.swift; path = ThreadHelper.swift; sourceTree = "<group>"; };
		DB5918831BFB0D0D0027FF7A /* UIImage+Extension.swift */ = {isa = PBXFileReference; fileEncoding = 4; lastKnownFileType = sourcecode.swift; path = "UIImage+Extension.swift"; sourceTree = "<group>"; };
		DB6DB7151BF80998003C1AA1 /* NirWebImage.app */ = {isa = PBXFileReference; explicitFileType = wrapper.application; includeInIndex = 0; path = NirWebImage.app; sourceTree = BUILT_PRODUCTS_DIR; };
		DB6DB7181BF80998003C1AA1 /* AppDelegate.swift */ = {isa = PBXFileReference; lastKnownFileType = sourcecode.swift; path = AppDelegate.swift; sourceTree = "<group>"; };
		DB6DB71A1BF80998003C1AA1 /* ViewController.swift */ = {isa = PBXFileReference; lastKnownFileType = sourcecode.swift; path = ViewController.swift; sourceTree = "<group>"; };
		DB6DB71D1BF80998003C1AA1 /* Base */ = {isa = PBXFileReference; lastKnownFileType = file.storyboard; name = Base; path = Base.lproj/Main.storyboard; sourceTree = "<group>"; };
		DB6DB71F1BF80998003C1AA1 /* Assets.xcassets */ = {isa = PBXFileReference; lastKnownFileType = folder.assetcatalog; path = Assets.xcassets; sourceTree = "<group>"; };
		DB6DB7221BF80998003C1AA1 /* Base */ = {isa = PBXFileReference; lastKnownFileType = file.storyboard; name = Base; path = Base.lproj/LaunchScreen.storyboard; sourceTree = "<group>"; };
		DB6DB7241BF80998003C1AA1 /* Info.plist */ = {isa = PBXFileReference; lastKnownFileType = text.plist.xml; path = Info.plist; sourceTree = "<group>"; };
		DB6DB72B1BF809CB003C1AA1 /* NirWebImageManager.swift */ = {isa = PBXFileReference; fileEncoding = 4; lastKnownFileType = sourcecode.swift; path = NirWebImageManager.swift; sourceTree = "<group>"; };
		DB6DB72D1BF80B24003C1AA1 /* ImageCache.swift */ = {isa = PBXFileReference; fileEncoding = 4; lastKnownFileType = sourcecode.swift; path = ImageCache.swift; sourceTree = "<group>"; };
		DB6DB72F1BF80EA3003C1AA1 /* ImageDownloader.swift */ = {isa = PBXFileReference; fileEncoding = 4; lastKnownFileType = sourcecode.swift; path = ImageDownloader.swift; sourceTree = "<group>"; };
		DBBEC51A1C0294FB00BD438E /* UIButton+NirWebImage.swift */ = {isa = PBXFileReference; fileEncoding = 4; lastKnownFileType = sourcecode.swift; path = "UIButton+NirWebImage.swift"; sourceTree = "<group>"; };
		DBD4FBE91BFEADAE0051DA4E /* String+MD5.swift */ = {isa = PBXFileReference; fileEncoding = 4; lastKnownFileType = sourcecode.swift; path = "String+MD5.swift"; sourceTree = "<group>"; };
/* End PBXFileReference section */

/* Begin PBXFrameworksBuildPhase section */
		DB6DB7121BF80998003C1AA1 /* Frameworks */ = {
			isa = PBXFrameworksBuildPhase;
			buildActionMask = 2147483647;
			files = (
			);
			runOnlyForDeploymentPostprocessing = 0;
		};
/* End PBXFrameworksBuildPhase section */

/* Begin PBXGroup section */
		DB6DB70C1BF80998003C1AA1 = {
			isa = PBXGroup;
			children = (
				DB6DB72A1BF809A5003C1AA1 /* NirWebImage */,
				DB6DB7171BF80998003C1AA1 /* NirWebImage-demo */,
				DB6DB7161BF80998003C1AA1 /* Products */,
			);
			sourceTree = "<group>";
		};
		DB6DB7161BF80998003C1AA1 /* Products */ = {
			isa = PBXGroup;
			children = (
				DB6DB7151BF80998003C1AA1 /* NirWebImage.app */,
			);
			name = Products;
			sourceTree = "<group>";
		};
		DB6DB7171BF80998003C1AA1 /* NirWebImage-demo */ = {
			isa = PBXGroup;
			children = (
				DB6DB7181BF80998003C1AA1 /* AppDelegate.swift */,
				DB6DB71A1BF80998003C1AA1 /* ViewController.swift */,
				DB6DB71C1BF80998003C1AA1 /* Main.storyboard */,
				DB6DB71F1BF80998003C1AA1 /* Assets.xcassets */,
				DB6DB7211BF80998003C1AA1 /* LaunchScreen.storyboard */,
				DB6DB7241BF80998003C1AA1 /* Info.plist */,
			);
			name = "NirWebImage-demo";
			path = NirWebImage;
			sourceTree = "<group>";
		};
		DB6DB72A1BF809A5003C1AA1 /* NirWebImage */ = {
			isa = PBXGroup;
			children = (
				DB6DB72B1BF809CB003C1AA1 /* NirWebImageManager.swift */,
				DB6DB72D1BF80B24003C1AA1 /* ImageCache.swift */,
				DB6DB72F1BF80EA3003C1AA1 /* ImageDownloader.swift */,
				DB5918831BFB0D0D0027FF7A /* UIImage+Extension.swift */,
				DBD4FBE91BFEADAE0051DA4E /* String+MD5.swift */,
				DB03B0371C01452A0016736D /* UIImageView+NirWebImage.swift */,
				DB03B0391C0145D90016736D /* Resource.swift */,
				DB03B03B1C01471D0016736D /* NirWebImageOptionsInfo.swift */,
				DB03B03D1C0147A00016736D /* NirWebImageOptions.swift */,
				DB03B03F1C0149DA0016736D /* ImageTransition.swift */,
				DB03B0411C0158C50016736D /* ThreadHelper.swift */,
				DBBEC51A1C0294FB00BD438E /* UIButton+NirWebImage.swift */,
			);
			name = NirWebImage;
			sourceTree = "<group>";
		};
/* End PBXGroup section */

/* Begin PBXNativeTarget section */
		DB6DB7141BF80998003C1AA1 /* NirWebImage */ = {
			isa = PBXNativeTarget;
			buildConfigurationList = DB6DB7271BF80998003C1AA1 /* Build configuration list for PBXNativeTarget "NirWebImage" */;
			buildPhases = (
				DB6DB7111BF80998003C1AA1 /* Sources */,
				DB6DB7121BF80998003C1AA1 /* Frameworks */,
				DB6DB7131BF80998003C1AA1 /* Resources */,
			);
			buildRules = (
			);
			dependencies = (
			);
			name = NirWebImage;
			productName = NirWebImage;
			productReference = DB6DB7151BF80998003C1AA1 /* NirWebImage.app */;
			productType = "com.apple.product-type.application";
		};
/* End PBXNativeTarget section */

/* Begin PBXProject section */
		DB6DB70D1BF80998003C1AA1 /* Project object */ = {
			isa = PBXProject;
			attributes = {
				LastSwiftUpdateCheck = 0710;
				LastUpgradeCheck = 0710;
				ORGANIZATIONNAME = NSNirvana;
				TargetAttributes = {
					DB6DB7141BF80998003C1AA1 = {
						CreatedOnToolsVersion = 7.1;
						DevelopmentTeam = QYV353CYL3;
					};
				};
			};
			buildConfigurationList = DB6DB7101BF80998003C1AA1 /* Build configuration list for PBXProject "NirWebImage" */;
			compatibilityVersion = "Xcode 3.2";
			developmentRegion = English;
			hasScannedForEncodings = 0;
			knownRegions = (
				en,
				Base,
			);
			mainGroup = DB6DB70C1BF80998003C1AA1;
			productRefGroup = DB6DB7161BF80998003C1AA1 /* Products */;
			projectDirPath = "";
			projectRoot = "";
			targets = (
				DB6DB7141BF80998003C1AA1 /* NirWebImage */,
			);
		};
/* End PBXProject section */

/* Begin PBXResourcesBuildPhase section */
		DB6DB7131BF80998003C1AA1 /* Resources */ = {
			isa = PBXResourcesBuildPhase;
			buildActionMask = 2147483647;
			files = (
				DB6DB7231BF80998003C1AA1 /* LaunchScreen.storyboard in Resources */,
				DB6DB7201BF80998003C1AA1 /* Assets.xcassets in Resources */,
				DB6DB71E1BF80998003C1AA1 /* Main.storyboard in Resources */,
			);
			runOnlyForDeploymentPostprocessing = 0;
		};
/* End PBXResourcesBuildPhase section */

/* Begin PBXSourcesBuildPhase section */
		DB6DB7111BF80998003C1AA1 /* Sources */ = {
			isa = PBXSourcesBuildPhase;
			buildActionMask = 2147483647;
			files = (
				DB03B03A1C0145D90016736D /* Resource.swift in Sources */,
				DB6DB71B1BF80998003C1AA1 /* ViewController.swift in Sources */,
				DB6DB7301BF80EA3003C1AA1 /* ImageDownloader.swift in Sources */,
				DB03B0381C01452A0016736D /* UIImageView+NirWebImage.swift in Sources */,
				DBBEC51B1C0294FB00BD438E /* UIButton+NirWebImage.swift in Sources */,
				DBD4FBEA1BFEADAE0051DA4E /* String+MD5.swift in Sources */,
				DB6DB72C1BF809CB003C1AA1 /* NirWebImageManager.swift in Sources */,
				DB5918841BFB0D0D0027FF7A /* UIImage+Extension.swift in Sources */,
				DB03B0421C0158C50016736D /* ThreadHelper.swift in Sources */,
				DB03B03C1C01471D0016736D /* NirWebImageOptionsInfo.swift in Sources */,
				DB6DB72E1BF80B24003C1AA1 /* ImageCache.swift in Sources */,
				DB6DB7191BF80998003C1AA1 /* AppDelegate.swift in Sources */,
				DB03B0401C0149DA0016736D /* ImageTransition.swift in Sources */,
				DB03B03E1C0147A00016736D /* NirWebImageOptions.swift in Sources */,
			);
			runOnlyForDeploymentPostprocessing = 0;
		};
/* End PBXSourcesBuildPhase section */

/* Begin PBXVariantGroup section */
		DB6DB71C1BF80998003C1AA1 /* Main.storyboard */ = {
			isa = PBXVariantGroup;
			children = (
				DB6DB71D1BF80998003C1AA1 /* Base */,
			);
			name = Main.storyboard;
			sourceTree = "<group>";
		};
		DB6DB7211BF80998003C1AA1 /* LaunchScreen.storyboard */ = {
			isa = PBXVariantGroup;
			children = (
				DB6DB7221BF80998003C1AA1 /* Base */,
			);
			name = LaunchScreen.storyboard;
			sourceTree = "<group>";
		};
/* End PBXVariantGroup section */

/* Begin XCBuildConfiguration section */
		DB6DB7251BF80998003C1AA1 /* Debug */ = {
			isa = XCBuildConfiguration;
			buildSettings = {
				ALWAYS_SEARCH_USER_PATHS = NO;
				CLANG_CXX_LANGUAGE_STANDARD = "gnu++0x";
				CLANG_CXX_LIBRARY = "libc++";
				CLANG_ENABLE_MODULES = YES;
				CLANG_ENABLE_OBJC_ARC = YES;
				CLANG_WARN_BOOL_CONVERSION = YES;
				CLANG_WARN_CONSTANT_CONVERSION = YES;
				CLANG_WARN_DIRECT_OBJC_ISA_USAGE = YES_ERROR;
				CLANG_WARN_EMPTY_BODY = YES;
				CLANG_WARN_ENUM_CONVERSION = YES;
				CLANG_WARN_INT_CONVERSION = YES;
				CLANG_WARN_OBJC_ROOT_CLASS = YES_ERROR;
				CLANG_WARN_UNREACHABLE_CODE = YES;
				CLANG_WARN__DUPLICATE_METHOD_MATCH = YES;
				"CODE_SIGN_IDENTITY[sdk=iphoneos*]" = "iPhone Developer";
				COPY_PHASE_STRIP = NO;
				DEBUG_INFORMATION_FORMAT = dwarf;
				ENABLE_STRICT_OBJC_MSGSEND = YES;
				ENABLE_TESTABILITY = YES;
				GCC_C_LANGUAGE_STANDARD = gnu99;
				GCC_DYNAMIC_NO_PIC = NO;
				GCC_NO_COMMON_BLOCKS = YES;
				GCC_OPTIMIZATION_LEVEL = 0;
				GCC_PREPROCESSOR_DEFINITIONS = (
					"DEBUG=1",
					"$(inherited)",
				);
				GCC_WARN_64_TO_32_BIT_CONVERSION = YES;
				GCC_WARN_ABOUT_RETURN_TYPE = YES_ERROR;
				GCC_WARN_UNDECLARED_SELECTOR = YES;
				GCC_WARN_UNINITIALIZED_AUTOS = YES_AGGRESSIVE;
				GCC_WARN_UNUSED_FUNCTION = YES;
				GCC_WARN_UNUSED_VARIABLE = YES;
				IPHONEOS_DEPLOYMENT_TARGET = 9.1;
				MTL_ENABLE_DEBUG_INFO = YES;
				ONLY_ACTIVE_ARCH = YES;
				SDKROOT = iphoneos;
				SWIFT_OPTIMIZATION_LEVEL = "-Onone";
			};
			name = Debug;
		};
		DB6DB7261BF80998003C1AA1 /* Release */ = {
			isa = XCBuildConfiguration;
			buildSettings = {
				ALWAYS_SEARCH_USER_PATHS = NO;
				CLANG_CXX_LANGUAGE_STANDARD = "gnu++0x";
				CLANG_CXX_LIBRARY = "libc++";
				CLANG_ENABLE_MODULES = YES;
				CLANG_ENABLE_OBJC_ARC = YES;
				CLANG_WARN_BOOL_CONVERSION = YES;
				CLANG_WARN_CONSTANT_CONVERSION = YES;
				CLANG_WARN_DIRECT_OBJC_ISA_USAGE = YES_ERROR;
				CLANG_WARN_EMPTY_BODY = YES;
				CLANG_WARN_ENUM_CONVERSION = YES;
				CLANG_WARN_INT_CONVERSION = YES;
				CLANG_WARN_OBJC_ROOT_CLASS = YES_ERROR;
				CLANG_WARN_UNREACHABLE_CODE = YES;
				CLANG_WARN__DUPLICATE_METHOD_MATCH = YES;
				"CODE_SIGN_IDENTITY[sdk=iphoneos*]" = "iPhone Developer";
				COPY_PHASE_STRIP = NO;
				DEBUG_INFORMATION_FORMAT = "dwarf-with-dsym";
				ENABLE_NS_ASSERTIONS = NO;
				ENABLE_STRICT_OBJC_MSGSEND = YES;
				GCC_C_LANGUAGE_STANDARD = gnu99;
				GCC_NO_COMMON_BLOCKS = YES;
				GCC_WARN_64_TO_32_BIT_CONVERSION = YES;
				GCC_WARN_ABOUT_RETURN_TYPE = YES_ERROR;
				GCC_WARN_UNDECLARED_SELECTOR = YES;
				GCC_WARN_UNINITIALIZED_AUTOS = YES_AGGRESSIVE;
				GCC_WARN_UNUSED_FUNCTION = YES;
				GCC_WARN_UNUSED_VARIABLE = YES;
				IPHONEOS_DEPLOYMENT_TARGET = 9.1;
				MTL_ENABLE_DEBUG_INFO = NO;
				SDKROOT = iphoneos;
				VALIDATE_PRODUCT = YES;
			};
			name = Release;
		};
		DB6DB7281BF80998003C1AA1 /* Debug */ = {
			isa = XCBuildConfiguration;
			buildSettings = {
				ASSETCATALOG_COMPILER_APPICON_NAME = AppIcon;
				INFOPLIST_FILE = NirWebImage/Info.plist;
				LD_RUNPATH_SEARCH_PATHS = "$(inherited) @executable_path/Frameworks";
				PRODUCT_BUNDLE_IDENTIFIER = Azure.NirWebImage;
				PRODUCT_NAME = "$(TARGET_NAME)";
			};
			name = Debug;
		};
		DB6DB7291BF80998003C1AA1 /* Release */ = {
			isa = XCBuildConfiguration;
			buildSettings = {
				ASSETCATALOG_COMPILER_APPICON_NAME = AppIcon;
				INFOPLIST_FILE = NirWebImage/Info.plist;
				LD_RUNPATH_SEARCH_PATHS = "$(inherited) @executable_path/Frameworks";
				PRODUCT_BUNDLE_IDENTIFIER = Azure.NirWebImage;
				PRODUCT_NAME = "$(TARGET_NAME)";
			};
			name = Release;
		};
/* End XCBuildConfiguration section */

/* Begin XCConfigurationList section */
		DB6DB7101BF80998003C1AA1 /* Build configuration list for PBXProject "NirWebImage" */ = {
			isa = XCConfigurationList;
			buildConfigurations = (
				DB6DB7251BF80998003C1AA1 /* Debug */,
				DB6DB7261BF80998003C1AA1 /* Release */,
			);
			defaultConfigurationIsVisible = 0;
			defaultConfigurationName = Release;
		};
		DB6DB7271BF80998003C1AA1 /* Build configuration list for PBXNativeTarget "NirWebImage" */ = {
			isa = XCConfigurationList;
			buildConfigurations = (
				DB6DB7281BF80998003C1AA1 /* Debug */,
				DB6DB7291BF80998003C1AA1 /* Release */,
			);
			defaultConfigurationIsVisible = 0;
			defaultConfigurationName = Release;
		};
/* End XCConfigurationList section */
	};
	rootObject = DB6DB70D1BF80998003C1AA1 /* Project object */;
}
